<?xml version="1.0" encoding="utf-8"?>
<Project ToolsVersion="4.0" xmlns="http://schemas.microsoft.com/developer/msbuild/2003">
  <ItemGroup>
    <Filter Include="來源檔案">
      <UniqueIdentifier>{4FC737F1-C7A5-4376-A066-2A32D752A2FF}</UniqueIdentifier>
      <Extensions>cpp;c;cc;cxx;c++;def;odl;idl;hpj;bat;asm;asmx</Extensions>
    </Filter>
    <Filter Include="標頭檔">
      <UniqueIdentifier>{93995380-89BD-4b04-88EB-625FBE52EBFB}</UniqueIdentifier>
      <Extensions>h;hh;hpp;hxx;h++;hm;inl;inc;ipp;xsd</Extensions>
    </Filter>
    <Filter Include="資源檔">
      <UniqueIdentifier>{67DA6AB6-F800-4c08-8B7A-83BB121AAD01}</UniqueIdentifier>
      <Extensions>rc;ico;cur;bmp;dlg;rc2;rct;bin;rgs;gif;jpg;jpeg;jpe;resx;tiff;tif;png;wav;mfcribbon-ms</Extensions>
    </Filter>
    <Filter Include="來源檔案\Monster">
      <UniqueIdentifier>{34ee3410-7128-4a9c-9a42-01b51656bea6}</UniqueIdentifier>
    </Filter>
    <Filter Include="標頭檔\Player">
      <UniqueIdentifier>{9a2a7ed1-c5ba-4ed3-b773-2b3bf09a1aa0}</UniqueIdentifier>
    </Filter>
    <Filter Include="來源檔案\Player">
      <UniqueIdentifier>{801227f5-2b91-4fa8-af48-bf5c484190b7}</UniqueIdentifier>
    </Filter>
    <Filter Include="標頭檔\Monster">
      <UniqueIdentifier>{6bd0efa6-eb4a-4296-a159-99af5e3ca56b}</UniqueIdentifier>
    </Filter>
    <Filter Include="標頭檔\Item_base">
      <UniqueIdentifier>{ff07e9bc-ea35-4fd4-b4fc-edbef292a35a}</UniqueIdentifier>
    </Filter>
    <Filter Include="標頭檔\Items">
      <UniqueIdentifier>{aafda6bc-9951-49f5-b679-86c86c88dad2}</UniqueIdentifier>
    </Filter>
    <Filter Include="來源檔案\Items">
      <UniqueIdentifier>{170818a3-c1dd-4bfa-b1e6-6feeed8fbdce}</UniqueIdentifier>
    </Filter>
  </ItemGroup>
  <ItemGroup>
    <ClCompile Include="Battle.cpp">
      <Filter>來源檔案</Filter>
    </ClCompile>
    <ClCompile Include="KnightPlayer.cpp">
      <Filter>來源檔案\Player</Filter>
    </ClCompile>
    <ClCompile Include="MagicianPlayer.cpp">
      <Filter>來源檔案\Player</Filter>
    </ClCompile>
    <ClCompile Include="NovicePlayer.cpp">
      <Filter>來源檔案\Player</Filter>
    </ClCompile>
    <ClCompile Include="OrcPlayer.cpp">
      <Filter>來源檔案\Player</Filter>
    </ClCompile>
    <ClCompile Include="BaseMonster.cpp">
      <Filter>來源檔案\Monster</Filter>
    </ClCompile>
    <ClCompile Include="GoblinMonster.cpp">
      <Filter>來源檔案\Monster</Filter>
    </ClCompile>
    <ClCompile Include="JWMonster.cpp">
      <Filter>來源檔案\Monster</Filter>
    </ClCompile>
    <ClCompile Include="ZombieMonster.cpp">
      <Filter>來源檔案\Monster</Filter>
    </ClCompile>
    <ClCompile Include="Field.cpp">
      <Filter>來源檔案</Filter>
    </ClCompile>
    <ClCompile Include="Backpack.cpp">
      <Filter>來源檔案</Filter>
    </ClCompile>
    <ClCompile Include="Weapon_SkywardSword.cpp">
      <Filter>來源檔案\Items</Filter>
    </ClCompile>
    <ClCompile Include="Weapon_DragonKillFalchion.cpp">
      <Filter>來源檔案\Items</Filter>
    </ClCompile>
    <ClCompile Include="Armor_Armour.cpp">
      <Filter>來源檔案\Items</Filter>
    </ClCompile>
    <ClCompile Include="Armor_GoldenShield.cpp">
      <Filter>來源檔案\Items</Filter>
    </ClCompile>
    <ClCompile Include="Consumable_LifePotion.cpp">
      <Filter>來源檔案\Items</Filter>
    </ClCompile>
    <ClCompile Include="Consumable_MagicPotion.cpp">
      <Filter>來源檔案</Filter>
    </ClCompile>
  </ItemGroup>
  <ItemGroup>
    <ClInclude Include="Battle.h">
      <Filter>標頭檔</Filter>
    </ClInclude>
    <ClInclude Include="OrcPlayer.h">
      <Filter>標頭檔\Player</Filter>
    </ClInclude>
    <ClInclude Include="NovicePlayer.h">
      <Filter>標頭檔\Player</Filter>
    </ClInclude>
    <ClInclude Include="MagicianPlayer.h">
      <Filter>標頭檔\Player</Filter>
    </ClInclude>
    <ClInclude Include="KnightPlayer.h">
      <Filter>標頭檔\Player</Filter>
    </ClInclude>
    <ClInclude Include="BaseMonster.h">
      <Filter>標頭檔\Monster</Filter>
    </ClInclude>
    <ClInclude Include="GoblinMonster.h">
      <Filter>標頭檔\Monster</Filter>
    </ClInclude>
    <ClInclude Include="JWMonster.h">
      <Filter>標頭檔\Monster</Filter>
    </ClInclude>
    <ClInclude Include="ZombieMonster.h">
      <Filter>標頭檔\Monster</Filter>
    </ClInclude>
    <ClInclude Include="Field.h">
      <Filter>標頭檔</Filter>
    </ClInclude>
    <ClInclude Include="Item.h">
      <Filter>標頭檔\Item_base</Filter>
    </ClInclude>
    <ClInclude Include="WeaponItem.h">
      <Filter>標頭檔\Item_base</Filter>
    </ClInclude>
    <ClInclude Include="ArmorItem.h">
      <Filter>標頭檔\Item_base</Filter>
    </ClInclude>
    <ClInclude Include="ConsumableItem.h">
      <Filter>標頭檔\Item_base</Filter>
    </ClInclude>
    <ClInclude Include="Backpack.h">
      <Filter>標頭檔</Filter>
    </ClInclude>
    <ClInclude Include="Weapon_SkywardSword.h">
      <Filter>標頭檔\Items</Filter>
    </ClInclude>
    <ClInclude Include="Weapon_DragonKillFalchion.h">
      <Filter>標頭檔\Items</Filter>
    </ClInclude>
    <ClInclude Include="Armor_Armour.h">
      <Filter>標頭檔\Items</Filter>
    </ClInclude>
    <ClInclude Include="Armor_GoldenShield.h">
      <Filter>標頭檔\Items</Filter>
    </ClInclude>
    <ClInclude Include="Consumable_LifePotion.h">
      <Filter>標頭檔\Items</Filter>
    </ClInclude>
    <ClInclude Include="Consumable_MagicPotion.h">
      <Filter>標頭檔</Filter>
    </ClInclude>
  </ItemGroup>
</Project>