<?xml version="1.0" encoding="utf-8"?>
<Project ToolsVersion="4.0" xmlns="http://schemas.microsoft.com/developer/msbuild/2003">
  <ItemGroup>
    <Filter Include="來源檔案">
      <UniqueIdentifier>{4FC737F1-C7A5-4376-A066-2A32D752A2FF}</UniqueIdentifier>
      <Extensions>cpp;c;cc;cxx;c++;def;odl;idl;hpj;bat;asm;asmx</Extensions>
    </Filter>
    <Filter Include="標頭檔">
      <UniqueIdentifier>{93995380-89BD-4b04-88EB-625FBE52EBFB}</UniqueIdentifier>
      <Extensions>h;hh;hpp;hxx;h++;hm;inl;inc;ipp;xsd</Extensions>
    </Filter>
    <Filter Include="資源檔">
      <UniqueIdentifier>{67DA6AB6-F800-4c08-8B7A-83BB121AAD01}</UniqueIdentifier>
      <Extensions>rc;ico;cur;bmp;dlg;rc2;rct;bin;rgs;gif;jpg;jpeg;jpe;resx;tiff;tif;png;wav;mfcribbon-ms</Extensions>
    </Filter>
    <Filter Include="來源檔案\Monster">
      <UniqueIdentifier>{34ee3410-7128-4a9c-9a42-01b51656bea6}</UniqueIdentifier>
    </Filter>
    <Filter Include="標頭檔\Player">
      <UniqueIdentifier>{9a2a7ed1-c5ba-4ed3-b773-2b3bf09a1aa0}</UniqueIdentifier>
    </Filter>
    <Filter Include="來源檔案\Player">
      <UniqueIdentifier>{801227f5-2b91-4fa8-af48-bf5c484190b7}</UniqueIdentifier>
    </Filter>
    <Filter Include="標頭檔\Monster">
      <UniqueIdentifier>{6bd0efa6-eb4a-4296-a159-99af5e3ca56b}</UniqueIdentifier>
    </Filter>
    <Filter Include="標頭檔\Item_base">
      <UniqueIdentifier>{ff07e9bc-ea35-4fd4-b4fc-edbef292a35a}</UniqueIdentifier>
    </Filter>
    <Filter Include="標頭檔\Items">
      <UniqueIdentifier>{aafda6bc-9951-49f5-b679-86c86c88dad2}</UniqueIdentifier>
    </Filter>
    <Filter Include="來源檔案\Items">
      <UniqueIdentifier>{170818a3-c1dd-4bfa-b1e6-6feeed8fbdce}</UniqueIdentifier>
    </Filter>
    <Filter Include="來源檔案\Event">
      <UniqueIdentifier>{471d21ef-27c9-4709-8c45-a3bfe7d101d2}</UniqueIdentifier>
    </Filter>
    <Filter Include="標頭檔\Event">
      <UniqueIdentifier>{f9af04fd-b7d6-4f10-a802-0f0274448430}</UniqueIdentifier>
    </Filter>
  </ItemGroup>
  <ItemGroup>
    <ClCompile Include="Players\MagicianPlayer.cpp">
      <Filter>來源檔案\Player</Filter>
    </ClCompile>
    <ClCompile Include="Players\NovicePlayer.cpp">
      <Filter>來源檔案\Player</Filter>
    </ClCompile>
    <ClCompile Include="Players\OrcPlayer.cpp">
      <Filter>來源檔案\Player</Filter>
    </ClCompile>
    <ClCompile Include="Players\\KnightPlayer.cpp">
      <Filter>來源檔案\Player</Filter>
    </ClCompile>
    <ClCompile Include="Items\Armor_Armour.cpp">
      <Filter>來源檔案\Items</Filter>
    </ClCompile>
    <ClCompile Include="Items\Armor_GoldenShield.cpp">
      <Filter>來源檔案\Items</Filter>
    </ClCompile>
    <ClCompile Include="Items\Consumable_LifePotion.cpp">
      <Filter>來源檔案\Items</Filter>
    </ClCompile>
    <ClCompile Include="Items\Consumable_MagicPotion.cpp">
      <Filter>來源檔案\Items</Filter>
    </ClCompile>
    <ClCompile Include="Items\Weapon_DragonKillFalchion.cpp">
      <Filter>來源檔案\Items</Filter>
    </ClCompile>
    <ClCompile Include="Items\Weapon_SkywardSword.cpp">
      <Filter>來源檔案\Items</Filter>
    </ClCompile>
    <ClCompile Include="Monsters\BaseMonster.cpp">
      <Filter>來源檔案\Monster</Filter>
    </ClCompile>
    <ClCompile Include="Monsters\GoblinMonster.cpp">
      <Filter>來源檔案\Monster</Filter>
    </ClCompile>
    <ClCompile Include="Monsters\JWMonster.cpp">
      <Filter>來源檔案\Monster</Filter>
    </ClCompile>
    <ClCompile Include="Monsters\ZombieMonster.cpp">
      <Filter>來源檔案\Monster</Filter>
    </ClCompile>
    <ClCompile Include="Others\Backpack.cpp">
      <Filter>來源檔案</Filter>
    </ClCompile>
    <ClCompile Include="Others\Battle.cpp">
      <Filter>來源檔案</Filter>
    </ClCompile>
    <ClCompile Include="Others\Menu.cpp">
      <Filter>來源檔案</Filter>
    </ClCompile>
    <ClCompile Include="Others\Game.cpp">
      <Filter>來源檔案</Filter>
    </ClCompile>
    <ClCompile Include="Source.cpp">
      <Filter>來源檔案</Filter>
    </ClCompile>
    <ClCompile Include="Others\Field.cpp">
      <Filter>來源檔案</Filter>
    </ClCompile>
    <ClCompile Include="Others\Store.cpp">
      <Filter>來源檔案</Filter>
    </ClCompile>
    <ClCompile Include="Events\NotNotGame.cpp">
      <Filter>來源檔案\Event</Filter>
    </ClCompile>
    <ClCompile Include="Events\EndScreen.cpp">
      <Filter>來源檔案\Event</Filter>
    </ClCompile>
    <ClCompile Include="Others\legend_1F.cpp">
      <Filter>來源檔案</Filter>
    </ClCompile>
    <ClCompile Include="Others\legend_2F.cpp">
      <Filter>來源檔案</Filter>
    </ClCompile>
    <ClCompile Include="Others\legend_3F.cpp">
      <Filter>來源檔案</Filter>
    </ClCompile>
    <ClCompile Include="Events\Welcome_1F.cpp">
      <Filter>來源檔案\Event</Filter>
    </ClCompile>
    <ClCompile Include="Events\Welcome_2F.cpp">
      <Filter>來源檔案\Event</Filter>
    </ClCompile>
    <ClCompile Include="Events\End_2F.cpp">
      <Filter>來源檔案\Event</Filter>
    </ClCompile>
    <ClCompile Include="Events\Welcome_3F.cpp">
      <Filter>來源檔案\Event</Filter>
    </ClCompile>
  </ItemGroup>
  <ItemGroup>
    <ClInclude Include="Players\KnightPlayer.h">
      <Filter>標頭檔\Player</Filter>
    </ClInclude>
    <ClInclude Include="Players\MagicianPlayer.h">
      <Filter>標頭檔\Player</Filter>
    </ClInclude>
    <ClInclude Include="Players\NovicePlayer.h">
      <Filter>標頭檔\Player</Filter>
    </ClInclude>
    <ClInclude Include="Players\OrcPlayer.h">
      <Filter>標頭檔\Player</Filter>
    </ClInclude>
    <ClInclude Include="Items\Armor_Armour.h">
      <Filter>標頭檔\Items</Filter>
    </ClInclude>
    <ClInclude Include="Items\Armor_GoldenShield.h">
      <Filter>標頭檔\Items</Filter>
    </ClInclude>
    <ClInclude Include="Items\Consumable_LifePotion.h">
      <Filter>標頭檔\Items</Filter>
    </ClInclude>
    <ClInclude Include="Items\Consumable_MagicPotion.h">
      <Filter>標頭檔\Items</Filter>
    </ClInclude>
    <ClInclude Include="Items\Weapon_DragonKillFalchion.h">
      <Filter>標頭檔\Items</Filter>
    </ClInclude>
    <ClInclude Include="Items\Weapon_SkywardSword.h">
      <Filter>標頭檔\Items</Filter>
    </ClInclude>
    <ClInclude Include="Items\base\ArmorItem.h">
      <Filter>標頭檔\Item_base</Filter>
    </ClInclude>
    <ClInclude Include="Items\base\ConsumableItem.h">
      <Filter>標頭檔\Item_base</Filter>
    </ClInclude>
    <ClInclude Include="Items\base\Item.h">
      <Filter>標頭檔\Item_base</Filter>
    </ClInclude>
    <ClInclude Include="Items\base\WeaponItem.h">
      <Filter>標頭檔\Item_base</Filter>
    </ClInclude>
    <ClInclude Include="Monsters\BaseMonster.h">
      <Filter>標頭檔\Monster</Filter>
    </ClInclude>
    <ClInclude Include="Monsters\GoblinMonster.h">
      <Filter>標頭檔\Monster</Filter>
    </ClInclude>
    <ClInclude Include="Monsters\JWMonster.h">
      <Filter>標頭檔\Monster</Filter>
    </ClInclude>
    <ClInclude Include="Monsters\ZombieMonster.h">
      <Filter>標頭檔\Monster</Filter>
    </ClInclude>
    <ClInclude Include="Others\Backpack.h">
      <Filter>標頭檔</Filter>
    </ClInclude>
    <ClInclude Include="Others\Battle.h">
      <Filter>標頭檔</Filter>
    </ClInclude>
    <ClInclude Include="Others\Menu.h">
      <Filter>標頭檔</Filter>
    </ClInclude>
    <ClInclude Include="Others\Game.h">
      <Filter>標頭檔</Filter>
    </ClInclude>
    <ClInclude Include="Others\Field.h">
      <Filter>標頭檔</Filter>
    </ClInclude>
    <ClInclude Include="Others\UsefulFunctions.h">
      <Filter>標頭檔</Filter>
    </ClInclude>
    <ClInclude Include="Others\Store.h">
      <Filter>標頭檔</Filter>
    </ClInclude>
    <ClInclude Include="Events\NotNotGame.h">
      <Filter>標頭檔\Event</Filter>
    </ClInclude>
    <ClInclude Include="Events\EndScreen.h">
      <Filter>標頭檔\Event</Filter>
    </ClInclude>
    <ClInclude Include="Others\legend_1F.h">
      <Filter>標頭檔</Filter>
    </ClInclude>
    <ClInclude Include="Others\legend_2F.h">
      <Filter>標頭檔</Filter>
    </ClInclude>
    <ClInclude Include="Others\legend_3F.h">
      <Filter>標頭檔</Filter>
    </ClInclude>
    <ClInclude Include="Events\Welcome_1F.h">
      <Filter>標頭檔\Event</Filter>
    </ClInclude>
    <ClInclude Include="Events\Welcome_2F.h">
      <Filter>標頭檔\Event</Filter>
    </ClInclude>
    <ClInclude Include="Events\End_2F.h">
      <Filter>標頭檔\Event</Filter>
    </ClInclude>
    <ClInclude Include="Events\Welcome_3F.h">
      <Filter>標頭檔\Event</Filter>
    </ClInclude>
  </ItemGroup>
</Project>